// !$*UTF8*$!
{
	archiveVersion = 1;
	classes = {
	};
	objectVersion = 50;
	objects = {

/* Begin PBXBuildFile section */
		FAA5138126C069BB0053FC36 /* detailViewController.swift in Sources */ = {isa = PBXBuildFile; fileRef = FAA5138026C069BB0053FC36 /* detailViewController.swift */; };
		FAC78AE926BE660700F55C41 /* AppDelegate.swift in Sources */ = {isa = PBXBuildFile; fileRef = FAC78AE826BE660700F55C41 /* AppDelegate.swift */; };
		FAC78AEB26BE660700F55C41 /* SceneDelegate.swift in Sources */ = {isa = PBXBuildFile; fileRef = FAC78AEA26BE660700F55C41 /* SceneDelegate.swift */; };
		FAC78AED26BE660700F55C41 /* ViewController.swift in Sources */ = {isa = PBXBuildFile; fileRef = FAC78AEC26BE660700F55C41 /* ViewController.swift */; };
		FAC78AF026BE660700F55C41 /* Main.storyboard in Resources */ = {isa = PBXBuildFile; fileRef = FAC78AEE26BE660700F55C41 /* Main.storyboard */; };
		FAC78AF226BE660900F55C41 /* Assets.xcassets in Resources */ = {isa = PBXBuildFile; fileRef = FAC78AF126BE660900F55C41 /* Assets.xcassets */; };
		FAC78AF526BE660900F55C41 /* LaunchScreen.storyboard in Resources */ = {isa = PBXBuildFile; fileRef = FAC78AF326BE660900F55C41 /* LaunchScreen.storyboard */; };
		FAC78AFF26BE665700F55C41 /* CollectionViewCell.swift in Sources */ = {isa = PBXBuildFile; fileRef = FAC78AFD26BE665700F55C41 /* CollectionViewCell.swift */; };
		FAC78B0026BE665700F55C41 /* CollectionViewCell.xib in Resources */ = {isa = PBXBuildFile; fileRef = FAC78AFE26BE665700F55C41 /* CollectionViewCell.xib */; };
/* End PBXBuildFile section */

/* Begin PBXFileReference section */
		FAA5138026C069BB0053FC36 /* detailViewController.swift */ = {isa = PBXFileReference; lastKnownFileType = sourcecode.swift; path = detailViewController.swift; sourceTree = "<group>"; };
		FAC78AE526BE660700F55C41 /* collectionViewXIB.app */ = {isa = PBXFileReference; explicitFileType = wrapper.application; includeInIndex = 0; path = collectionViewXIB.app; sourceTree = BUILT_PRODUCTS_DIR; };
		FAC78AE826BE660700F55C41 /* AppDelegate.swift */ = {isa = PBXFileReference; lastKnownFileType = sourcecode.swift; path = AppDelegate.swift; sourceTree = "<group>"; };
		FAC78AEA26BE660700F55C41 /* SceneDelegate.swift */ = {isa = PBXFileReference; lastKnownFileType = sourcecode.swift; path = SceneDelegate.swift; sourceTree = "<group>"; };
		FAC78AEC26BE660700F55C41 /* ViewController.swift */ = {isa = PBXFileReference; lastKnownFileType = sourcecode.swift; path = ViewController.swift; sourceTree = "<group>"; };
		FAC78AEF26BE660700F55C41 /* Base */ = {isa = PBXFileReference; lastKnownFileType = file.storyboard; name = Base; path = Base.lproj/Main.storyboard; sourceTree = "<group>"; };
		FAC78AF126BE660900F55C41 /* Assets.xcassets */ = {isa = PBXFileReference; lastKnownFileType = folder.assetcatalog; path = Assets.xcassets; sourceTree = "<group>"; };
		FAC78AF426BE660900F55C41 /* Base */ = {isa = PBXFileReference; lastKnownFileType = file.storyboard; name = Base; path = Base.lproj/LaunchScreen.storyboard; sourceTree = "<group>"; };
		FAC78AF626BE660900F55C41 /* Info.plist */ = {isa = PBXFileReference; lastKnownFileType = text.plist.xml; path = Info.plist; sourceTree = "<group>"; };
		FAC78AFD26BE665700F55C41 /* CollectionViewCell.swift */ = {isa = PBXFileReference; lastKnownFileType = sourcecode.swift; path = CollectionViewCell.swift; sourceTree = "<group>"; };
		FAC78AFE26BE665700F55C41 /* CollectionViewCell.xib */ = {isa = PBXFileReference; lastKnownFileType = file.xib; path = CollectionViewCell.xib; sourceTree = "<group>"; };
/* End PBXFileReference section */

/* Begin PBXFrameworksBuildPhase section */
		FAC78AE226BE660700F55C41 /* Frameworks */ = {
			isa = PBXFrameworksBuildPhase;
			buildActionMask = 2147483647;
			files = (
			);
			runOnlyForDeploymentPostprocessing = 0;
		};
/* End PBXFrameworksBuildPhase section */

/* Begin PBXGroup section */
		FAC78ADC26BE660700F55C41 = {
			isa = PBXGroup;
			children = (
				FAC78AE726BE660700F55C41 /* collectionViewXIB */,
				FAC78AE626BE660700F55C41 /* Products */,
			);
			sourceTree = "<group>";
		};
		FAC78AE626BE660700F55C41 /* Products */ = {
			isa = PBXGroup;
			children = (
				FAC78AE526BE660700F55C41 /* collectionViewXIB.app */,
			);
			name = Products;
			sourceTree = "<group>";
		};
		FAC78AE726BE660700F55C41 /* collectionViewXIB */ = {
			isa = PBXGroup;
			children = (
				FAC78AE826BE660700F55C41 /* AppDelegate.swift */,
				FAC78AEA26BE660700F55C41 /* SceneDelegate.swift */,
				FAC78AEC26BE660700F55C41 /* ViewController.swift */,
				FAC78AEE26BE660700F55C41 /* Main.storyboard */,
				FAA5138026C069BB0053FC36 /* detailViewController.swift */,
				FAC78AFD26BE665700F55C41 /* CollectionViewCell.swift */,
				FAC78AFE26BE665700F55C41 /* CollectionViewCell.xib */,
				FAC78AF126BE660900F55C41 /* Assets.xcassets */,
				FAC78AF326BE660900F55C41 /* LaunchScreen.storyboard */,
				FAC78AF626BE660900F55C41 /* Info.plist */,
			);
			path = collectionViewXIB;
			sourceTree = "<group>";
		};
/* End PBXGroup section */

/* Begin PBXNativeTarget section */
		FAC78AE426BE660700F55C41 /* collectionViewXIB */ = {
			isa = PBXNativeTarget;
			buildConfigurationList = FAC78AF926BE660900F55C41 /* Build configuration list for PBXNativeTarget "collectionViewXIB" */;
			buildPhases = (
				FAC78AE126BE660700F55C41 /* Sources */,
				FAC78AE226BE660700F55C41 /* Frameworks */,
				FAC78AE326BE660700F55C41 /* Resources */,
			);
			buildRules = (
			);
			dependencies = (
			);
			name = collectionViewXIB;
			productName = collectionViewXIB;
			productReference = FAC78AE526BE660700F55C41 /* collectionViewXIB.app */;
			productType = "com.apple.product-type.application";
		};
/* End PBXNativeTarget section */

/* Begin PBXProject section */
		FAC78ADD26BE660700F55C41 /* Project object */ = {
			isa = PBXProject;
			attributes = {
				LastSwiftUpdateCheck = 1240;
				LastUpgradeCheck = 1240;
				TargetAttributes = {
					FAC78AE426BE660700F55C41 = {
						CreatedOnToolsVersion = 12.4;
					};
				};
			};
			buildConfigurationList = FAC78AE026BE660700F55C41 /* Build configuration list for PBXProject "collectionViewXIB" */;
			compatibilityVersion = "Xcode 9.3";
			developmentRegion = en;
			hasScannedForEncodings = 0;
			knownRegions = (
				en,
				Base,
			);
			mainGroup = FAC78ADC26BE660700F55C41;
			productRefGroup = FAC78AE626BE660700F55C41 /* Products */;
			projectDirPath = "";
			projectRoot = "";
			targets = (
				FAC78AE426BE660700F55C41 /* collectionViewXIB */,
			);
		};
/* End PBXProject section */

/* Begin PBXResourcesBuildPhase section */
		FAC78AE326BE660700F55C41 /* Resources */ = {
			isa = PBXResourcesBuildPhase;
			buildActionMask = 2147483647;
			files = (
				FAC78AF526BE660900F55C41 /* LaunchScreen.storyboard in Resources */,
				FAC78AF226BE660900F55C41 /* Assets.xcassets in Resources */,
				FAC78B0026BE665700F55C41 /* CollectionViewCell.xib in Resources */,
				FAC78AF026BE660700F55C41 /* Main.storyboard in Resources */,
			);
			runOnlyForDeploymentPostprocessing = 0;
		};
/* End PBXResourcesBuildPhase section */

/* Begin PBXSourcesBuildPhase section */
		FAC78AE126BE660700F55C41 /* Sources */ = {
			isa = PBXSourcesBuildPhase;
			buildActionMask = 2147483647;
			files = (
				FAC78AED26BE660700F55C41 /* ViewController.swift in Sources */,
				FAC78AE926BE660700F55C41 /* AppDelegate.swift in Sources */,
				FAC78AFF26BE665700F55C41 /* CollectionViewCell.swift in Sources */,
				FAA5138126C069BB0053FC36 /* detailViewController.swift in Sources */,
				FAC78AEB26BE660700F55C41 /* SceneDelegate.swift in Sources */,
			);
			runOnlyForDeploymentPostprocessing = 0;
		};
/* End PBXSourcesBuildPhase section */

/* Begin PBXVariantGroup section */
		FAC78AEE26BE660700F55C41 /* Main.storyboard */ = {
			isa = PBXVariantGroup;
			children = (
				FAC78AEF26BE660700F55C41 /* Base */,
			);
			name = Main.storyboard;
			sourceTree = "<group>";
		};
		FAC78AF326BE660900F55C41 /* LaunchScreen.storyboard */ = {
			isa = PBXVariantGroup;
			children = (
				FAC78AF426BE660900F55C41 /* Base */,
			);
			name = LaunchScreen.storyboard;
			sourceTree = "<group>";
		};
/* End PBXVariantGroup section */

/* Begin XCBuildConfiguration section */
		FAC78AF726BE660900F55C41 /* Debug */ = {
			isa = XCBuildConfiguration;
			buildSettings = {
				ALWAYS_SEARCH_USER_PATHS = NO;
				CLANG_ANALYZER_NONNULL = YES;
				CLANG_ANALYZER_NUMBER_OBJECT_CONVERSION = YES_AGGRESSIVE;
				CLANG_CXX_LANGUAGE_STANDARD = "gnu++14";
				CLANG_CXX_LIBRARY = "libc++";
				CLANG_ENABLE_MODULES = YES;
				CLANG_ENABLE_OBJC_ARC = YES;
				CLANG_ENABLE_OBJC_WEAK = YES;
				CLANG_WARN_BLOCK_CAPTURE_AUTORELEASING = YES;
				CLANG_WARN_BOOL_CONVERSION = YES;
				CLANG_WARN_COMMA = YES;
				CLANG_WARN_CONSTANT_CONVERSION = YES;
				CLANG_WARN_DEPRECATED_OBJC_IMPLEMENTATIONS = YES;
				CLANG_WARN_DIRECT_OBJC_ISA_USAGE = YES_ERROR;
				CLANG_WARN_DOCUMENTATION_COMMENTS = YES;
				CLANG_WARN_EMPTY_BODY = YES;
				CLANG_WARN_ENUM_CONVERSION = YES;
				CLANG_WARN_INFINITE_RECURSION = YES;
				CLANG_WARN_INT_CONVERSION = YES;
				CLANG_WARN_NON_LITERAL_NULL_CONVERSION = YES;
				CLANG_WARN_OBJC_IMPLICIT_RETAIN_SELF = YES;
				CLANG_WARN_OBJC_LITERAL_CONVERSION = YES;
				CLANG_WARN_OBJC_ROOT_CLASS = YES_ERROR;
				CLANG_WARN_QUOTED_INCLUDE_IN_FRAMEWORK_HEADER = YES;
				CLANG_WARN_RANGE_LOOP_ANALYSIS = YES;
				CLANG_WARN_STRICT_PROTOTYPES = YES;
				CLANG_WARN_SUSPICIOUS_MOVE = YES;
				CLANG_WARN_UNGUARDED_AVAILABILITY = YES_AGGRESSIVE;
				CLANG_WARN_UNREACHABLE_CODE = YES;
				CLANG_WARN__DUPLICATE_METHOD_MATCH = YES;
				COPY_PHASE_STRIP = NO;
				DEBUG_INFORMATION_FORMAT = dwarf;
				ENABLE_STRICT_OBJC_MSGSEND = YES;
				ENABLE_TESTABILITY = YES;
				GCC_C_LANGUAGE_STANDARD = gnu11;
				GCC_DYNAMIC_NO_PIC = NO;
				GCC_NO_COMMON_BLOCKS = YES;
				GCC_OPTIMIZATION_LEVEL = 0;
				GCC_PREPROCESSOR_DEFINITIONS = (
					"DEBUG=1",
					"$(inherited)",
				);
				GCC_WARN_64_TO_32_BIT_CONVERSION = YES;
				GCC_WARN_ABOUT_RETURN_TYPE = YES_ERROR;
				GCC_WARN_UNDECLARED_SELECTOR = YES;
				GCC_WARN_UNINITIALIZED_AUTOS = YES_AGGRESSIVE;
				GCC_WARN_UNUSED_FUNCTION = YES;
				GCC_WARN_UNUSED_VARIABLE = YES;
				IPHONEOS_DEPLOYMENT_TARGET = 14.4;
				MTL_ENABLE_DEBUG_INFO = INCLUDE_SOURCE;
				MTL_FAST_MATH = YES;
				ONLY_ACTIVE_ARCH = YES;
				SDKROOT = iphoneos;
				SWIFT_ACTIVE_COMPILATION_CONDITIONS = DEBUG;
				SWIFT_OPTIMIZATION_LEVEL = "-Onone";
			};
			name = Debug;
		};
		FAC78AF826BE660900F55C41 /* Release */ = {
			isa = XCBuildConfiguration;
			buildSettings = {
				ALWAYS_SEARCH_USER_PATHS = NO;
				CLANG_ANALYZER_NONNULL = YES;
				CLANG_ANALYZER_NUMBER_OBJECT_CONVERSION = YES_AGGRESSIVE;
				CLANG_CXX_LANGUAGE_STANDARD = "gnu++14";
				CLANG_CXX_LIBRARY = "libc++";
				CLANG_ENABLE_MODULES = YES;
				CLANG_ENABLE_OBJC_ARC = YES;
				CLANG_ENABLE_OBJC_WEAK = YES;
				CLANG_WARN_BLOCK_CAPTURE_AUTORELEASING = YES;
				CLANG_WARN_BOOL_CONVERSION = YES;
				CLANG_WARN_COMMA = YES;
				CLANG_WARN_CONSTANT_CONVERSION = YES;
				CLANG_WARN_DEPRECATED_OBJC_IMPLEMENTATIONS = YES;
				CLANG_WARN_DIRECT_OBJC_ISA_USAGE = YES_ERROR;
				CLANG_WARN_DOCUMENTATION_COMMENTS = YES;
				CLANG_WARN_EMPTY_BODY = YES;
				CLANG_WARN_ENUM_CONVERSION = YES;
				CLANG_WARN_INFINITE_RECURSION = YES;
				CLANG_WARN_INT_CONVERSION = YES;
				CLANG_WARN_NON_LITERAL_NULL_CONVERSION = YES;
				CLANG_WARN_OBJC_IMPLICIT_RETAIN_SELF = YES;
				CLANG_WARN_OBJC_LITERAL_CONVERSION = YES;
				CLANG_WARN_OBJC_ROOT_CLASS = YES_ERROR;
				CLANG_WARN_QUOTED_INCLUDE_IN_FRAMEWORK_HEADER = YES;
				CLANG_WARN_RANGE_LOOP_ANALYSIS = YES;
				CLANG_WARN_STRICT_PROTOTYPES = YES;
				CLANG_WARN_SUSPICIOUS_MOVE = YES;
				CLANG_WARN_UNGUARDED_AVAILABILITY = YES_AGGRESSIVE;
				CLANG_WARN_UNREACHABLE_CODE = YES;
				CLANG_WARN__DUPLICATE_METHOD_MATCH = YES;
				COPY_PHASE_STRIP = NO;
				DEBUG_INFORMATION_FORMAT = "dwarf-with-dsym";
				ENABLE_NS_ASSERTIONS = NO;
				ENABLE_STRICT_OBJC_MSGSEND = YES;
				GCC_C_LANGUAGE_STANDARD = gnu11;
				GCC_NO_COMMON_BLOCKS = YES;
				GCC_WARN_64_TO_32_BIT_CONVERSION = YES;
				GCC_WARN_ABOUT_RETURN_TYPE = YES_ERROR;
				GCC_WARN_UNDECLARED_SELECTOR = YES;
				GCC_WARN_UNINITIALIZED_AUTOS = YES_AGGRESSIVE;
				GCC_WARN_UNUSED_FUNCTION = YES;
				GCC_WARN_UNUSED_VARIABLE = YES;
				IPHONEOS_DEPLOYMENT_TARGET = 14.4;
				MTL_ENABLE_DEBUG_INFO = NO;
				MTL_FAST_MATH = YES;
				SDKROOT = iphoneos;
				SWIFT_COMPILATION_MODE = wholemodule;
				SWIFT_OPTIMIZATION_LEVEL = "-O";
				VALIDATE_PRODUCT = YES;
			};
			name = Release;
		};
		FAC78AFA26BE660900F55C41 /* Debug */ = {
			isa = XCBuildConfiguration;
			buildSettings = {
				ASSETCATALOG_COMPILER_APPICON_NAME = AppIcon;
				ASSETCATALOG_COMPILER_GLOBAL_ACCENT_COLOR_NAME = AccentColor;
				CODE_SIGN_STYLE = Automatic;
				DEVELOPMENT_TEAM = 3Z9B6CZ95C;
				INFOPLIST_FILE = collectionViewXIB/Info.plist;
				LD_RUNPATH_SEARCH_PATHS = (
					"$(inherited)",
					"@executable_path/Frameworks",
				);
				PRODUCT_BUNDLE_IDENTIFIER = com.Krish.collectionViewXIB;
				PRODUCT_NAME = "$(TARGET_NAME)";
				SWIFT_VERSION = 5.0;
				TARGETED_DEVICE_FAMILY = "1,2";
			};
			name = Debug;
		};
		FAC78AFB26BE660900F55C41 /* Release */ = {
			isa = XCBuildConfiguration;
			buildSettings = {
				ASSETCATALOG_COMPILER_APPICON_NAME = AppIcon;
				ASSETCATALOG_COMPILER_GLOBAL_ACCENT_COLOR_NAME = AccentColor;
				CODE_SIGN_STYLE = Automatic;
				DEVELOPMENT_TEAM = 3Z9B6CZ95C;
				INFOPLIST_FILE = collectionViewXIB/Info.plist;
				LD_RUNPATH_SEARCH_PATHS = (
					"$(inherited)",
					"@executable_path/Frameworks",
				);
				PRODUCT_BUNDLE_IDENTIFIER = com.Krish.collectionViewXIB;
				PRODUCT_NAME = "$(TARGET_NAME)";
				SWIFT_VERSION = 5.0;
				TARGETED_DEVICE_FAMILY = "1,2";
			};
			name = Release;
		};
/* End XCBuildConfiguration section */

/* Begin XCConfigurationList section */
		FAC78AE026BE660700F55C41 /* Build configuration list for PBXProject "collectionViewXIB" */ = {
			isa = XCConfigurationList;
			buildConfigurations = (
				FAC78AF726BE660900F55C41 /* Debug */,
				FAC78AF826BE660900F55C41 /* Release */,
			);
			defaultConfigurationIsVisible = 0;
			defaultConfigurationName = Release;
		};
		FAC78AF926BE660900F55C41 /* Build configuration list for PBXNativeTarget "collectionViewXIB" */ = {
			isa = XCConfigurationList;
			buildConfigurations = (
				FAC78AFA26BE660900F55C41 /* Debug */,
				FAC78AFB26BE660900F55C41 /* Release */,
			);
			defaultConfigurationIsVisible = 0;
			defaultConfigurationName = Release;
		};
/* End XCConfigurationList section */
	};
	rootObject = FAC78ADD26BE660700F55C41 /* Project object */;
}
